
Microsoft Visual Studio Solution File, Format Version 12.00
# Visual Studio Version 16
VisualStudioVersion = 16.0.29006.145
MinimumVisualStudioVersion = 10.0.40219.1
Project("{9A19103F-16F7-4668-BE54-9A1E7A4F7556}") = "BlazorWebApp1", "BlazorWebApp1\BlazorWebApp1.csproj", "{846A00F6-1F99-41A9-812C-0D01630C478B}"
EndProject
Project("{9A19103F-16F7-4668-BE54-9A1E7A4F7556}") = "ToDoAPI", "ToDoAPI\ToDoAPI.csproj", "{2259D86C-E925-4063-8BE9-3B1C4914FFC3}"
EndProject
Project("{9A19103F-16F7-4668-BE54-9A1E7A4F7556}") = "ClassLibrary2", "ClassLibrary2\ClassLibrary2.csproj", "{04D4370E-EFA7-4860-9B48-46D4CAFE7587}"
EndProject
Project("{2150E333-8FDC-42A3-9474-1A3956D46DE8}") = "Solution Items", "Solution Items", "{33F8984A-9BEC-453C-A616-F8C9551F9360}"
	ProjectSection(SolutionItems) = preProject
		plan.txt = plan.txt
	EndProjectSection
EndProject
Global
	GlobalSection(SolutionConfigurationPlatforms) = preSolution
		Debug|Any CPU = Debug|Any CPU
		Release|Any CPU = Release|Any CPU
	EndGlobalSection
	GlobalSection(ProjectConfigurationPlatforms) = postSolution
		{846A00F6-1F99-41A9-812C-0D01630C478B}.Debug|Any CPU.ActiveCfg = Debug|Any CPU
		{846A00F6-1F99-41A9-812C-0D01630C478B}.Debug|Any CPU.Build.0 = Debug|Any CPU
		{846A00F6-1F99-41A9-812C-0D01630C478B}.Release|Any CPU.ActiveCfg = Release|Any CPU
		{846A00F6-1F99-41A9-812C-0D01630C478B}.Release|Any CPU.Build.0 = Release|Any CPU
		{2259D86C-E925-4063-8BE9-3B1C4914FFC3}.Debug|Any CPU.ActiveCfg = Debug|Any CPU
		{2259D86C-E925-4063-8BE9-3B1C4914FFC3}.Debug|Any CPU.Build.0 = Debug|Any CPU
		{2259D86C-E925-4063-8BE9-3B1C4914FFC3}.Release|Any CPU.ActiveCfg = Release|Any CPU
		{2259D86C-E925-4063-8BE9-3B1C4914FFC3}.Release|Any CPU.Build.0 = Release|Any CPU
		{04D4370E-EFA7-4860-9B48-46D4CAFE7587}.Debug|Any CPU.ActiveCfg = Debug|Any CPU
		{04D4370E-EFA7-4860-9B48-46D4CAFE7587}.Debug|Any CPU.Build.0 = Debug|Any CPU
		{04D4370E-EFA7-4860-9B48-46D4CAFE7587}.Release|Any CPU.ActiveCfg = Release|Any CPU
		{04D4370E-EFA7-4860-9B48-46D4CAFE7587}.Release|Any CPU.Build.0 = Release|Any CPU
	EndGlobalSection
	GlobalSection(SolutionProperties) = preSolution
		HideSolutionNode = FALSE
	EndGlobalSection
	GlobalSection(ExtensibilityGlobals) = postSolution
		SolutionGuid = {0F078827-CC25-43F3-86C5-A1328C5946C6}
	EndGlobalSection
EndGlobal
