
Microsoft Visual Studio Solution File, Format Version 12.00
# Visual Studio Version 16
VisualStudioVersion = 16.0.29613.14
MinimumVisualStudioVersion = 10.0.40219.1
Project("{9A19103F-16F7-4668-BE54-9A1E7A4F7556}") = "FunctionApp1", "FunctionApp1.csproj", "{C2AA0E6B-0E8F-4C6D-A14C-35F20E4D14CE}"
EndProject
Global
	GlobalSection(SolutionConfigurationPlatforms) = preSolution
		Debug|Any CPU = Debug|Any CPU
		Release|Any CPU = Release|Any CPU
	EndGlobalSection
	GlobalSection(ProjectConfigurationPlatforms) = postSolution
		{C2AA0E6B-0E8F-4C6D-A14C-35F20E4D14CE}.Debug|Any CPU.ActiveCfg = Debug|Any CPU
		{C2AA0E6B-0E8F-4C6D-A14C-35F20E4D14CE}.Debug|Any CPU.Build.0 = Debug|Any CPU
		{C2AA0E6B-0E8F-4C6D-A14C-35F20E4D14CE}.Release|Any CPU.ActiveCfg = Release|Any CPU
		{C2AA0E6B-0E8F-4C6D-A14C-35F20E4D14CE}.Release|Any CPU.Build.0 = Release|Any CPU
	EndGlobalSection
	GlobalSection(SolutionProperties) = preSolution
		HideSolutionNode = FALSE
	EndGlobalSection
	GlobalSection(ExtensibilityGlobals) = postSolution
		SolutionGuid = {D666D1E3-02FC-4ED7-B810-099FA10E1C7D}
	EndGlobalSection
EndGlobal
